
Microsoft Visual Studio Solution File, Format Version 12.00
# Visual Studio Version 16
VisualStudioVersion = 16.0.31410.357
MinimumVisualStudioVersion = 10.0.40219.1
Project("{FAE04EC0-301F-11D3-BF4B-00C04F79EFBC}") = "TextEditor_WPF", "TextEditor_WPF\TextEditor_WPF.csproj", "{AFF72C16-4208-4965-A25C-3FEB3C5773EF}"
EndProject
Global
	GlobalSection(SolutionConfigurationPlatforms) = preSolution
		Debug|Any CPU = Debug|Any CPU
		Release|Any CPU = Release|Any CPU
	EndGlobalSection
	GlobalSection(ProjectConfigurationPlatforms) = postSolution
		{AFF72C16-4208-4965-A25C-3FEB3C5773EF}.Debug|Any CPU.ActiveCfg = Debug|Any CPU
		{AFF72C16-4208-4965-A25C-3FEB3C5773EF}.Debug|Any CPU.Build.0 = Debug|Any CPU
		{AFF72C16-4208-4965-A25C-3FEB3C5773EF}.Release|Any CPU.ActiveCfg = Release|Any CPU
		{AFF72C16-4208-4965-A25C-3FEB3C5773EF}.Release|Any CPU.Build.0 = Release|Any CPU
	EndGlobalSection
	GlobalSection(SolutionProperties) = preSolution
		HideSolutionNode = FALSE
	EndGlobalSection
	GlobalSection(ExtensibilityGlobals) = postSolution
		SolutionGuid = {8F9795E1-C426-477A-B4DD-2C4766184BC1}
	EndGlobalSection
EndGlobal
